{
  "object": {
    "pins": [
      {
        "package": "AlgoChecker",
        "repositoryURL": "git@github.com:kandelvijaya/AlgorithmChecker.git",
        "state": {
          "branch": null,
          "revision": "3c786303ec2cdd0018b77f1597d6e38e0448039a",
          "version": "0.1.5"
        }
      }
    ]
  },
  "version": 1
}
