{
  "object": {
    "pins": [
      {
        "package": "AlgoChecker",
        "repositoryURL": "git@github.com:kandelvijaya/AlgorithmChecker.git",
        "state": {
          "branch": null,
          "revision": "ee5178811a356776d2acf802734de07f04fe42a8",
          "version": "0.1.0"
        }
      }
    ]
  },
  "version": 1
}
