// !$*UTF8*$!
{
   archiveVersion = "1";
   objectVersion = "46";
   objects = {
      "AlgoChecker::AlgoChecker" = {
         isa = "PBXNativeTarget";
         buildConfigurationList = "OBJ_34";
         buildPhases = (
            "OBJ_37",
            "OBJ_41"
         );
         dependencies = (
         );
         name = "AlgoChecker";
         productName = "AlgoChecker";
         productReference = "AlgoChecker::AlgoChecker::Product";
         productType = "com.apple.product-type.framework";
      };
      "AlgoChecker::AlgoChecker::Product" = {
         isa = "PBXFileReference";
         path = "AlgoChecker.framework";
         sourceTree = "BUILT_PRODUCTS_DIR";
      };
      "AlgoChecker::SwiftPMPackageDescription" = {
         isa = "PBXNativeTarget";
         buildConfigurationList = "OBJ_43";
         buildPhases = (
            "OBJ_46"
         );
         dependencies = (
         );
         name = "AlgoCheckerPackageDescription";
         productName = "AlgoCheckerPackageDescription";
         productType = "com.apple.product-type.framework";
      };
      "FastDiff::FastDiff" = {
         isa = "PBXNativeTarget";
         buildConfigurationList = "OBJ_49";
         buildPhases = (
            "OBJ_52",
            "OBJ_56"
         );
         dependencies = (
         );
         name = "FastDiff";
         productName = "FastDiff";
         productReference = "FastDiff::FastDiff::Product";
         productType = "com.apple.product-type.framework";
      };
      "FastDiff::FastDiff::Product" = {
         isa = "PBXFileReference";
         path = "FastDiff.framework";
         sourceTree = "BUILT_PRODUCTS_DIR";
      };
      "FastDiff::FastDiffPackageTests::ProductTarget" = {
         isa = "PBXAggregateTarget";
         buildConfigurationList = "OBJ_64";
         buildPhases = (
         );
         dependencies = (
            "OBJ_67"
         );
         name = "FastDiffPackageTests";
         productName = "FastDiffPackageTests";
      };
      "FastDiff::FastDiffTests" = {
         isa = "PBXNativeTarget";
         buildConfigurationList = "OBJ_69";
         buildPhases = (
            "OBJ_72",
            "OBJ_76"
         );
         dependencies = (
            "OBJ_79",
            "OBJ_80"
         );
         name = "FastDiffTests";
         productName = "FastDiffTests";
         productReference = "FastDiff::FastDiffTests::Product";
         productType = "com.apple.product-type.bundle.unit-test";
      };
      "FastDiff::FastDiffTests::Product" = {
         isa = "PBXFileReference";
         path = "FastDiffTests.xctest";
         sourceTree = "BUILT_PRODUCTS_DIR";
      };
      "FastDiff::SwiftPMPackageDescription" = {
         isa = "PBXNativeTarget";
         buildConfigurationList = "OBJ_58";
         buildPhases = (
            "OBJ_61"
         );
         dependencies = (
         );
         name = "FastDiffPackageDescription";
         productName = "FastDiffPackageDescription";
         productType = "com.apple.product-type.framework";
      };
      "OBJ_1" = {
         isa = "PBXProject";
         attributes = {
            LastSwiftMigration = "9999";
            LastUpgradeCheck = "9999";
         };
         buildConfigurationList = "OBJ_2";
         compatibilityVersion = "Xcode 3.2";
         developmentRegion = "English";
         hasScannedForEncodings = "0";
         knownRegions = (
            "en"
         );
         mainGroup = "OBJ_5";
         productRefGroup = "OBJ_24";
         projectDirPath = ".";
         targets = (
            "AlgoChecker::AlgoChecker",
            "AlgoChecker::SwiftPMPackageDescription",
            "FastDiff::FastDiff",
            "FastDiff::SwiftPMPackageDescription",
            "FastDiff::FastDiffPackageTests::ProductTarget",
            "FastDiff::FastDiffTests"
         );
      };
      "OBJ_10" = {
         isa = "PBXFileReference";
         path = "DiffingAlgorithm.swift";
         sourceTree = "<group>";
      };
      "OBJ_11" = {
         isa = "PBXFileReference";
         path = "InternalDiff.swift";
         sourceTree = "<group>";
      };
      "OBJ_12" = {
         isa = "PBXGroup";
         children = (
            "OBJ_13"
         );
         name = "Tests";
         path = "";
         sourceTree = "SOURCE_ROOT";
      };
      "OBJ_13" = {
         isa = "PBXGroup";
         children = (
            "OBJ_14",
            "OBJ_15",
            "OBJ_16"
         );
         name = "FastDiffTests";
         path = "Tests/FastDiffTests";
         sourceTree = "SOURCE_ROOT";
      };
      "OBJ_14" = {
         isa = "PBXFileReference";
         path = "FastDiffComplexityTests.swift";
         sourceTree = "<group>";
      };
      "OBJ_15" = {
         isa = "PBXFileReference";
         path = "FastDiffTests.swift";
         sourceTree = "<group>";
      };
      "OBJ_16" = {
         isa = "PBXFileReference";
         path = "XCTestManifests.swift";
         sourceTree = "<group>";
      };
      "OBJ_17" = {
         isa = "PBXGroup";
         children = (
            "OBJ_18"
         );
         name = "Dependencies";
         path = "";
         sourceTree = "<group>";
      };
      "OBJ_18" = {
         isa = "PBXGroup";
         children = (
            "OBJ_19",
            "OBJ_23"
         );
         name = "AlgoChecker 0.1.5";
         path = "";
         sourceTree = "SOURCE_ROOT";
      };
      "OBJ_19" = {
         isa = "PBXGroup";
         children = (
            "OBJ_20",
            "OBJ_21",
            "OBJ_22"
         );
         name = "AlgoChecker";
         path = ".build/checkouts/AlgorithmChecker/Sources/AlgoChecker";
         sourceTree = "SOURCE_ROOT";
      };
      "OBJ_2" = {
         isa = "XCConfigurationList";
         buildConfigurations = (
            "OBJ_3",
            "OBJ_4"
         );
         defaultConfigurationIsVisible = "0";
         defaultConfigurationName = "Release";
      };
      "OBJ_20" = {
         isa = "PBXFileReference";
         path = "AlgoChecker.swift";
         sourceTree = "<group>";
      };
      "OBJ_21" = {
         isa = "PBXFileReference";
         path = "Experimental.swift";
         sourceTree = "<group>";
      };
      "OBJ_22" = {
         isa = "PBXFileReference";
         path = "RandomizableInput.swift";
         sourceTree = "<group>";
      };
      "OBJ_23" = {
         isa = "PBXFileReference";
         explicitFileType = "sourcecode.swift";
         name = "Package.swift";
         path = "/Users/mkoczorek/Downloads/FastDiff/.build/checkouts/AlgorithmChecker/Package.swift";
         sourceTree = "<group>";
      };
      "OBJ_24" = {
         isa = "PBXGroup";
         children = (
            "FastDiff::FastDiff::Product",
            "FastDiff::FastDiffTests::Product",
            "AlgoChecker::AlgoChecker::Product"
         );
         name = "Products";
         path = "";
         sourceTree = "BUILT_PRODUCTS_DIR";
      };
      "OBJ_28" = {
         isa = "PBXFileReference";
         path = "Documentation";
         sourceTree = "SOURCE_ROOT";
      };
      "OBJ_29" = {
         isa = "PBXFileReference";
         path = "LICENSE.md";
         sourceTree = "<group>";
      };
      "OBJ_3" = {
         isa = "XCBuildConfiguration";
         buildSettings = {
            CLANG_ENABLE_OBJC_ARC = "YES";
            COMBINE_HIDPI_IMAGES = "YES";
            COPY_PHASE_STRIP = "NO";
            DEBUG_INFORMATION_FORMAT = "dwarf";
            DYLIB_INSTALL_NAME_BASE = "@rpath";
            ENABLE_NS_ASSERTIONS = "YES";
            GCC_OPTIMIZATION_LEVEL = "0";
            GCC_PREPROCESSOR_DEFINITIONS = (
               "$(inherited)",
               "SWIFT_PACKAGE=1",
               "DEBUG=1"
            );
            MACOSX_DEPLOYMENT_TARGET = "10.10";
            ONLY_ACTIVE_ARCH = "YES";
            OTHER_SWIFT_FLAGS = (
               "-DXcode"
            );
            PRODUCT_NAME = "$(TARGET_NAME)";
            SDKROOT = "macosx";
            SUPPORTED_PLATFORMS = (
               "macosx",
               "iphoneos",
               "iphonesimulator",
               "appletvos",
               "appletvsimulator",
               "watchos",
               "watchsimulator"
            );
            SWIFT_ACTIVE_COMPILATION_CONDITIONS = (
               "$(inherited)",
               "SWIFT_PACKAGE",
               "DEBUG"
            );
            SWIFT_OPTIMIZATION_LEVEL = "-Onone";
            USE_HEADERMAP = "NO";
         };
         name = "Debug";
      };
      "OBJ_30" = {
         isa = "PBXFileReference";
         path = "README.md";
         sourceTree = "<group>";
      };
      "OBJ_31" = {
         isa = "PBXFileReference";
         path = "logo.png";
         sourceTree = "<group>";
      };
      "OBJ_32" = {
         isa = "PBXFileReference";
         path = "FastDiff.podspec";
         sourceTree = "<group>";
      };
      "OBJ_34" = {
         isa = "XCConfigurationList";
         buildConfigurations = (
            "OBJ_35",
            "OBJ_36"
         );
         defaultConfigurationIsVisible = "0";
         defaultConfigurationName = "Release";
      };
      "OBJ_35" = {
         isa = "XCBuildConfiguration";
         buildSettings = {
            ENABLE_TESTABILITY = "YES";
            FRAMEWORK_SEARCH_PATHS = (
               "$(inherited)",
               "$(PLATFORM_DIR)/Developer/Library/Frameworks"
            );
            HEADER_SEARCH_PATHS = (
               "$(inherited)"
            );
            INFOPLIST_FILE = "FastDiff.xcodeproj/AlgoChecker_Info.plist";
            LD_RUNPATH_SEARCH_PATHS = (
               "$(inherited)",
               "$(TOOLCHAIN_DIR)/usr/lib/swift/macosx"
            );
            OTHER_CFLAGS = (
               "$(inherited)"
            );
            OTHER_LDFLAGS = (
               "$(inherited)"
            );
            OTHER_SWIFT_FLAGS = (
               "$(inherited)"
            );
            PRODUCT_BUNDLE_IDENTIFIER = "AlgoChecker";
            PRODUCT_MODULE_NAME = "$(TARGET_NAME:c99extidentifier)";
            PRODUCT_NAME = "$(TARGET_NAME:c99extidentifier)";
            SKIP_INSTALL = "YES";
            SWIFT_ACTIVE_COMPILATION_CONDITIONS = (
               "$(inherited)"
            );
            SWIFT_VERSION = "4.2";
            TARGET_NAME = "AlgoChecker";
         };
         name = "Debug";
      };
      "OBJ_36" = {
         isa = "XCBuildConfiguration";
         buildSettings = {
            ENABLE_TESTABILITY = "YES";
            FRAMEWORK_SEARCH_PATHS = (
               "$(inherited)",
               "$(PLATFORM_DIR)/Developer/Library/Frameworks"
            );
            HEADER_SEARCH_PATHS = (
               "$(inherited)"
            );
            INFOPLIST_FILE = "FastDiff.xcodeproj/AlgoChecker_Info.plist";
            LD_RUNPATH_SEARCH_PATHS = (
               "$(inherited)",
               "$(TOOLCHAIN_DIR)/usr/lib/swift/macosx"
            );
            OTHER_CFLAGS = (
               "$(inherited)"
            );
            OTHER_LDFLAGS = (
               "$(inherited)"
            );
            OTHER_SWIFT_FLAGS = (
               "$(inherited)"
            );
            PRODUCT_BUNDLE_IDENTIFIER = "AlgoChecker";
            PRODUCT_MODULE_NAME = "$(TARGET_NAME:c99extidentifier)";
            PRODUCT_NAME = "$(TARGET_NAME:c99extidentifier)";
            SKIP_INSTALL = "YES";
            SWIFT_ACTIVE_COMPILATION_CONDITIONS = (
               "$(inherited)"
            );
            SWIFT_VERSION = "4.2";
            TARGET_NAME = "AlgoChecker";
         };
         name = "Release";
      };
      "OBJ_37" = {
         isa = "PBXSourcesBuildPhase";
         files = (
            "OBJ_38",
            "OBJ_39",
            "OBJ_40"
         );
      };
      "OBJ_38" = {
         isa = "PBXBuildFile";
         fileRef = "OBJ_20";
      };
      "OBJ_39" = {
         isa = "PBXBuildFile";
         fileRef = "OBJ_21";
      };
      "OBJ_4" = {
         isa = "XCBuildConfiguration";
         buildSettings = {
            CLANG_ENABLE_OBJC_ARC = "YES";
            COMBINE_HIDPI_IMAGES = "YES";
            COPY_PHASE_STRIP = "YES";
            DEBUG_INFORMATION_FORMAT = "dwarf-with-dsym";
            DYLIB_INSTALL_NAME_BASE = "@rpath";
            GCC_OPTIMIZATION_LEVEL = "s";
            GCC_PREPROCESSOR_DEFINITIONS = (
               "$(inherited)",
               "SWIFT_PACKAGE=1"
            );
            MACOSX_DEPLOYMENT_TARGET = "10.10";
            OTHER_SWIFT_FLAGS = (
               "-DXcode"
            );
            PRODUCT_NAME = "$(TARGET_NAME)";
            SDKROOT = "macosx";
            SUPPORTED_PLATFORMS = (
               "macosx",
               "iphoneos",
               "iphonesimulator",
               "appletvos",
               "appletvsimulator",
               "watchos",
               "watchsimulator"
            );
            SWIFT_ACTIVE_COMPILATION_CONDITIONS = (
               "$(inherited)",
               "SWIFT_PACKAGE"
            );
            SWIFT_OPTIMIZATION_LEVEL = "-Owholemodule";
            USE_HEADERMAP = "NO";
         };
         name = "Release";
      };
      "OBJ_40" = {
         isa = "PBXBuildFile";
         fileRef = "OBJ_22";
      };
      "OBJ_41" = {
         isa = "PBXFrameworksBuildPhase";
         files = (
         );
      };
      "OBJ_43" = {
         isa = "XCConfigurationList";
         buildConfigurations = (
            "OBJ_44",
            "OBJ_45"
         );
         defaultConfigurationIsVisible = "0";
         defaultConfigurationName = "Release";
      };
      "OBJ_44" = {
         isa = "XCBuildConfiguration";
         buildSettings = {
            LD = "/usr/bin/true";
            OTHER_SWIFT_FLAGS = (
               "-swift-version",
               "4.2",
               "-I",
               "$(TOOLCHAIN_DIR)/usr/lib/swift/pm/4_2",
               "-target",
               "x86_64-apple-macosx10.10",
               "-sdk",
               "/Applications/Xcode.app/Contents/Developer/Platforms/MacOSX.platform/Developer/SDKs/MacOSX10.14.sdk"
            );
            SWIFT_VERSION = "4.2";
         };
         name = "Debug";
      };
      "OBJ_45" = {
         isa = "XCBuildConfiguration";
         buildSettings = {
            LD = "/usr/bin/true";
            OTHER_SWIFT_FLAGS = (
               "-swift-version",
               "4.2",
               "-I",
               "$(TOOLCHAIN_DIR)/usr/lib/swift/pm/4_2",
               "-target",
               "x86_64-apple-macosx10.10",
               "-sdk",
               "/Applications/Xcode.app/Contents/Developer/Platforms/MacOSX.platform/Developer/SDKs/MacOSX10.14.sdk"
            );
            SWIFT_VERSION = "4.2";
         };
         name = "Release";
      };
      "OBJ_46" = {
         isa = "PBXSourcesBuildPhase";
         files = (
            "OBJ_47"
         );
      };
      "OBJ_47" = {
         isa = "PBXBuildFile";
         fileRef = "OBJ_23";
      };
      "OBJ_49" = {
         isa = "XCConfigurationList";
         buildConfigurations = (
            "OBJ_50",
            "OBJ_51"
         );
         defaultConfigurationIsVisible = "0";
         defaultConfigurationName = "Release";
      };
      "OBJ_5" = {
         isa = "PBXGroup";
         children = (
            "OBJ_6",
            "OBJ_7",
            "OBJ_12",
            "OBJ_17",
            "OBJ_24",
            "OBJ_28",
            "OBJ_29",
            "OBJ_30",
            "OBJ_31",
            "OBJ_32"
         );
         path = "";
         sourceTree = "<group>";
      };
      "OBJ_50" = {
         isa = "XCBuildConfiguration";
         buildSettings = {
            ENABLE_TESTABILITY = "YES";
            FRAMEWORK_SEARCH_PATHS = (
               "$(inherited)",
               "$(PLATFORM_DIR)/Developer/Library/Frameworks"
            );
            HEADER_SEARCH_PATHS = (
               "$(inherited)"
            );
            INFOPLIST_FILE = "FastDiff.xcodeproj/FastDiff_Info.plist";
            LD_RUNPATH_SEARCH_PATHS = (
               "$(inherited)",
               "$(TOOLCHAIN_DIR)/usr/lib/swift/macosx"
            );
            OTHER_CFLAGS = (
               "$(inherited)"
            );
            OTHER_LDFLAGS = (
               "$(inherited)"
            );
            OTHER_SWIFT_FLAGS = (
               "$(inherited)"
            );
            PRODUCT_BUNDLE_IDENTIFIER = "FastDiff";
            PRODUCT_MODULE_NAME = "$(TARGET_NAME:c99extidentifier)";
            PRODUCT_NAME = "$(TARGET_NAME:c99extidentifier)";
            SKIP_INSTALL = "YES";
            SWIFT_ACTIVE_COMPILATION_CONDITIONS = (
               "$(inherited)"
            );
            SWIFT_VERSION = "4.2";
            TARGET_NAME = "FastDiff";
         };
         name = "Debug";
      };
      "OBJ_51" = {
         isa = "XCBuildConfiguration";
         buildSettings = {
            ENABLE_TESTABILITY = "YES";
            FRAMEWORK_SEARCH_PATHS = (
               "$(inherited)",
               "$(PLATFORM_DIR)/Developer/Library/Frameworks"
            );
            HEADER_SEARCH_PATHS = (
               "$(inherited)"
            );
            INFOPLIST_FILE = "FastDiff.xcodeproj/FastDiff_Info.plist";
            LD_RUNPATH_SEARCH_PATHS = (
               "$(inherited)",
               "$(TOOLCHAIN_DIR)/usr/lib/swift/macosx"
            );
            OTHER_CFLAGS = (
               "$(inherited)"
            );
            OTHER_LDFLAGS = (
               "$(inherited)"
            );
            OTHER_SWIFT_FLAGS = (
               "$(inherited)"
            );
            PRODUCT_BUNDLE_IDENTIFIER = "FastDiff";
            PRODUCT_MODULE_NAME = "$(TARGET_NAME:c99extidentifier)";
            PRODUCT_NAME = "$(TARGET_NAME:c99extidentifier)";
            SKIP_INSTALL = "YES";
            SWIFT_ACTIVE_COMPILATION_CONDITIONS = (
               "$(inherited)"
            );
            SWIFT_VERSION = "4.2";
            TARGET_NAME = "FastDiff";
         };
         name = "Release";
      };
      "OBJ_52" = {
         isa = "PBXSourcesBuildPhase";
         files = (
            "OBJ_53",
            "OBJ_54",
            "OBJ_55"
         );
      };
      "OBJ_53" = {
         isa = "PBXBuildFile";
         fileRef = "OBJ_9";
      };
      "OBJ_54" = {
         isa = "PBXBuildFile";
         fileRef = "OBJ_10";
      };
      "OBJ_55" = {
         isa = "PBXBuildFile";
         fileRef = "OBJ_11";
      };
      "OBJ_56" = {
         isa = "PBXFrameworksBuildPhase";
         files = (
         );
      };
      "OBJ_58" = {
         isa = "XCConfigurationList";
         buildConfigurations = (
            "OBJ_59",
            "OBJ_60"
         );
         defaultConfigurationIsVisible = "0";
         defaultConfigurationName = "Release";
      };
      "OBJ_59" = {
         isa = "XCBuildConfiguration";
         buildSettings = {
            LD = "/usr/bin/true";
            OTHER_SWIFT_FLAGS = (
               "-swift-version",
               "4.2",
               "-I",
               "$(TOOLCHAIN_DIR)/usr/lib/swift/pm/4_2",
               "-target",
               "x86_64-apple-macosx10.10",
               "-sdk",
               "/Applications/Xcode.app/Contents/Developer/Platforms/MacOSX.platform/Developer/SDKs/MacOSX10.14.sdk"
            );
            SWIFT_VERSION = "4.2";
         };
         name = "Debug";
      };
      "OBJ_6" = {
         isa = "PBXFileReference";
         explicitFileType = "sourcecode.swift";
         path = "Package.swift";
         sourceTree = "<group>";
      };
      "OBJ_60" = {
         isa = "XCBuildConfiguration";
         buildSettings = {
            LD = "/usr/bin/true";
            OTHER_SWIFT_FLAGS = (
               "-swift-version",
               "4.2",
               "-I",
               "$(TOOLCHAIN_DIR)/usr/lib/swift/pm/4_2",
               "-target",
               "x86_64-apple-macosx10.10",
               "-sdk",
               "/Applications/Xcode.app/Contents/Developer/Platforms/MacOSX.platform/Developer/SDKs/MacOSX10.14.sdk"
            );
            SWIFT_VERSION = "4.2";
         };
         name = "Release";
      };
      "OBJ_61" = {
         isa = "PBXSourcesBuildPhase";
         files = (
            "OBJ_62"
         );
      };
      "OBJ_62" = {
         isa = "PBXBuildFile";
         fileRef = "OBJ_6";
      };
      "OBJ_64" = {
         isa = "XCConfigurationList";
         buildConfigurations = (
            "OBJ_65",
            "OBJ_66"
         );
         defaultConfigurationIsVisible = "0";
         defaultConfigurationName = "Release";
      };
      "OBJ_65" = {
         isa = "XCBuildConfiguration";
         buildSettings = {
         };
         name = "Debug";
      };
      "OBJ_66" = {
         isa = "XCBuildConfiguration";
         buildSettings = {
         };
         name = "Release";
      };
      "OBJ_67" = {
         isa = "PBXTargetDependency";
         target = "FastDiff::FastDiffTests";
      };
      "OBJ_69" = {
         isa = "XCConfigurationList";
         buildConfigurations = (
            "OBJ_70",
            "OBJ_71"
         );
         defaultConfigurationIsVisible = "0";
         defaultConfigurationName = "Release";
      };
      "OBJ_7" = {
         isa = "PBXGroup";
         children = (
            "OBJ_8"
         );
         name = "Sources";
         path = "";
         sourceTree = "SOURCE_ROOT";
      };
      "OBJ_70" = {
         isa = "XCBuildConfiguration";
         buildSettings = {
            CLANG_ENABLE_MODULES = "YES";
            EMBEDDED_CONTENT_CONTAINS_SWIFT = "YES";
            FRAMEWORK_SEARCH_PATHS = (
               "$(inherited)",
               "$(PLATFORM_DIR)/Developer/Library/Frameworks"
            );
            HEADER_SEARCH_PATHS = (
               "$(inherited)"
            );
            INFOPLIST_FILE = "FastDiff.xcodeproj/FastDiffTests_Info.plist";
            LD_RUNPATH_SEARCH_PATHS = (
               "$(inherited)",
               "@loader_path/../Frameworks",
               "@loader_path/Frameworks"
            );
            OTHER_CFLAGS = (
               "$(inherited)"
            );
            OTHER_LDFLAGS = (
               "$(inherited)"
            );
            OTHER_SWIFT_FLAGS = (
               "$(inherited)"
            );
            SWIFT_ACTIVE_COMPILATION_CONDITIONS = (
               "$(inherited)"
            );
            SWIFT_VERSION = "4.2";
            TARGET_NAME = "FastDiffTests";
         };
         name = "Debug";
      };
      "OBJ_71" = {
         isa = "XCBuildConfiguration";
         buildSettings = {
            CLANG_ENABLE_MODULES = "YES";
            EMBEDDED_CONTENT_CONTAINS_SWIFT = "YES";
            FRAMEWORK_SEARCH_PATHS = (
               "$(inherited)",
               "$(PLATFORM_DIR)/Developer/Library/Frameworks"
            );
            HEADER_SEARCH_PATHS = (
               "$(inherited)"
            );
            INFOPLIST_FILE = "FastDiff.xcodeproj/FastDiffTests_Info.plist";
            LD_RUNPATH_SEARCH_PATHS = (
               "$(inherited)",
               "@loader_path/../Frameworks",
               "@loader_path/Frameworks"
            );
            OTHER_CFLAGS = (
               "$(inherited)"
            );
            OTHER_LDFLAGS = (
               "$(inherited)"
            );
            OTHER_SWIFT_FLAGS = (
               "$(inherited)"
            );
            SWIFT_ACTIVE_COMPILATION_CONDITIONS = (
               "$(inherited)"
            );
            SWIFT_VERSION = "4.2";
            TARGET_NAME = "FastDiffTests";
         };
         name = "Release";
      };
      "OBJ_72" = {
         isa = "PBXSourcesBuildPhase";
         files = (
            "OBJ_73",
            "OBJ_74",
            "OBJ_75"
         );
      };
      "OBJ_73" = {
         isa = "PBXBuildFile";
         fileRef = "OBJ_14";
      };
      "OBJ_74" = {
         isa = "PBXBuildFile";
         fileRef = "OBJ_15";
      };
      "OBJ_75" = {
         isa = "PBXBuildFile";
         fileRef = "OBJ_16";
      };
      "OBJ_76" = {
         isa = "PBXFrameworksBuildPhase";
         files = (
            "OBJ_77",
            "OBJ_78"
         );
      };
      "OBJ_77" = {
         isa = "PBXBuildFile";
         fileRef = "AlgoChecker::AlgoChecker::Product";
      };
      "OBJ_78" = {
         isa = "PBXBuildFile";
         fileRef = "FastDiff::FastDiff::Product";
      };
      "OBJ_79" = {
         isa = "PBXTargetDependency";
         target = "AlgoChecker::AlgoChecker";
      };
      "OBJ_8" = {
         isa = "PBXGroup";
         children = (
            "OBJ_9",
            "OBJ_10",
            "OBJ_11"
         );
         name = "FastDiff";
         path = "Sources/FastDiff";
         sourceTree = "SOURCE_ROOT";
      };
      "OBJ_80" = {
         isa = "PBXTargetDependency";
         target = "FastDiff::FastDiff";
      };
      "OBJ_9" = {
         isa = "PBXFileReference";
         path = "Diffable.swift";
         sourceTree = "<group>";
      };
   };
   rootObject = "OBJ_1";
}
