// !$*UTF8*$!
{
	archiveVersion = 1;
	classes = {
	};
	objectVersion = 46;
	objects = {

/* Begin PBXAggregateTarget section */
		"FastDiff::FastDiffPackageTests::ProductTarget" /* FastDiffPackageTests */ = {
			isa = PBXAggregateTarget;
			buildConfigurationList = OBJ_60 /* Build configuration list for PBXAggregateTarget "FastDiffPackageTests" */;
			buildPhases = (
			);
			dependencies = (
				OBJ_63 /* PBXTargetDependency */,
			);
			name = FastDiffPackageTests;
			productName = FastDiffPackageTests;
		};
/* End PBXAggregateTarget section */

/* Begin PBXBuildFile section */
		2889D0CA22D4D665000E7797 /* FastDiff.h in Headers */ = {isa = PBXBuildFile; fileRef = 2889D0C822D4D665000E7797 /* FastDiff.h */; settings = {ATTRIBUTES = (Public, ); }; };
		2889D0CE22D4D675000E7797 /* Diffable.swift in Sources */ = {isa = PBXBuildFile; fileRef = OBJ_9 /* Diffable.swift */; };
		2889D0CF22D4D675000E7797 /* DiffingAlgorithm.swift in Sources */ = {isa = PBXBuildFile; fileRef = OBJ_10 /* DiffingAlgorithm.swift */; };
		2889D0D022D4D675000E7797 /* InternalDiff.swift in Sources */ = {isa = PBXBuildFile; fileRef = OBJ_11 /* InternalDiff.swift */; };
		OBJ_34 /* AlgoChecker.swift in Sources */ = {isa = PBXBuildFile; fileRef = OBJ_21 /* AlgoChecker.swift */; };
		OBJ_35 /* Experimental.swift in Sources */ = {isa = PBXBuildFile; fileRef = OBJ_22 /* Experimental.swift */; };
		OBJ_36 /* RandomizableInput.swift in Sources */ = {isa = PBXBuildFile; fileRef = OBJ_23 /* RandomizableInput.swift */; };
		OBJ_43 /* Package.swift in Sources */ = {isa = PBXBuildFile; fileRef = OBJ_24 /* Package.swift */; };
		OBJ_49 /* Diffable.swift in Sources */ = {isa = PBXBuildFile; fileRef = OBJ_9 /* Diffable.swift */; };
		OBJ_50 /* DiffingAlgorithm.swift in Sources */ = {isa = PBXBuildFile; fileRef = OBJ_10 /* DiffingAlgorithm.swift */; };
		OBJ_51 /* InternalDiff.swift in Sources */ = {isa = PBXBuildFile; fileRef = OBJ_11 /* InternalDiff.swift */; };
		OBJ_58 /* Package.swift in Sources */ = {isa = PBXBuildFile; fileRef = OBJ_6 /* Package.swift */; };
		OBJ_69 /* FastDiffComplexityTests.swift in Sources */ = {isa = PBXBuildFile; fileRef = OBJ_14 /* FastDiffComplexityTests.swift */; };
		OBJ_70 /* FastDiffTests.swift in Sources */ = {isa = PBXBuildFile; fileRef = OBJ_15 /* FastDiffTests.swift */; };
		OBJ_71 /* XCTestManifests.swift in Sources */ = {isa = PBXBuildFile; fileRef = OBJ_16 /* XCTestManifests.swift */; };
		OBJ_73 /* AlgoChecker.framework in Frameworks */ = {isa = PBXBuildFile; fileRef = "AlgoChecker::AlgoChecker::Product" /* AlgoChecker.framework */; };
		OBJ_74 /* FastDiffLib.framework in Frameworks */ = {isa = PBXBuildFile; fileRef = "FastDiff::FastDiffLib::Product" /* FastDiffLib.framework */; };
/* End PBXBuildFile section */

/* Begin PBXContainerItemProxy section */
		2889D0BE22D4D645000E7797 /* PBXContainerItemProxy */ = {
			isa = PBXContainerItemProxy;
			containerPortal = OBJ_1 /* Project object */;
			proxyType = 1;
			remoteGlobalIDString = "AlgoChecker::AlgoChecker";
			remoteInfo = AlgoChecker;
		};
		2889D0BF22D4D645000E7797 /* PBXContainerItemProxy */ = {
			isa = PBXContainerItemProxy;
			containerPortal = OBJ_1 /* Project object */;
			proxyType = 1;
			remoteGlobalIDString = "FastDiff::FastDiffLib";
			remoteInfo = FastDiffLib;
		};
		2889D0C022D4D645000E7797 /* PBXContainerItemProxy */ = {
			isa = PBXContainerItemProxy;
			containerPortal = OBJ_1 /* Project object */;
			proxyType = 1;
			remoteGlobalIDString = "FastDiff::FastDiffTests";
			remoteInfo = FastDiffTests;
		};
/* End PBXContainerItemProxy section */

/* Begin PBXFileReference section */
		2889D0C622D4D665000E7797 /* FastDiff.framework */ = {isa = PBXFileReference; explicitFileType = wrapper.framework; includeInIndex = 0; path = FastDiff.framework; sourceTree = BUILT_PRODUCTS_DIR; };
		2889D0C822D4D665000E7797 /* FastDiff.h */ = {isa = PBXFileReference; lastKnownFileType = sourcecode.c.h; path = FastDiff.h; sourceTree = "<group>"; };
		2889D0C922D4D665000E7797 /* Info.plist */ = {isa = PBXFileReference; lastKnownFileType = text.plist.xml; path = Info.plist; sourceTree = "<group>"; };
		"AlgoChecker::AlgoChecker::Product" /* AlgoChecker.framework */ = {isa = PBXFileReference; lastKnownFileType = wrapper.framework; path = AlgoChecker.framework; sourceTree = BUILT_PRODUCTS_DIR; };
		"FastDiff::FastDiffLib::Product" /* FastDiffLib.framework */ = {isa = PBXFileReference; lastKnownFileType = wrapper.framework; path = FastDiffLib.framework; sourceTree = BUILT_PRODUCTS_DIR; };
		"FastDiff::FastDiffTests::Product" /* FastDiffTests.xctest */ = {isa = PBXFileReference; lastKnownFileType = file; path = FastDiffTests.xctest; sourceTree = BUILT_PRODUCTS_DIR; };
		OBJ_10 /* DiffingAlgorithm.swift */ = {isa = PBXFileReference; lastKnownFileType = sourcecode.swift; path = DiffingAlgorithm.swift; sourceTree = "<group>"; };
		OBJ_11 /* InternalDiff.swift */ = {isa = PBXFileReference; lastKnownFileType = sourcecode.swift; path = InternalDiff.swift; sourceTree = "<group>"; };
		OBJ_14 /* FastDiffComplexityTests.swift */ = {isa = PBXFileReference; lastKnownFileType = sourcecode.swift; path = FastDiffComplexityTests.swift; sourceTree = "<group>"; };
		OBJ_15 /* FastDiffTests.swift */ = {isa = PBXFileReference; lastKnownFileType = sourcecode.swift; path = FastDiffTests.swift; sourceTree = "<group>"; };
		OBJ_16 /* XCTestManifests.swift */ = {isa = PBXFileReference; lastKnownFileType = sourcecode.swift; path = XCTestManifests.swift; sourceTree = "<group>"; };
		OBJ_17 /* Documentation */ = {isa = PBXFileReference; lastKnownFileType = folder; path = Documentation; sourceTree = SOURCE_ROOT; };
		OBJ_21 /* AlgoChecker.swift */ = {isa = PBXFileReference; lastKnownFileType = sourcecode.swift; path = AlgoChecker.swift; sourceTree = "<group>"; };
		OBJ_22 /* Experimental.swift */ = {isa = PBXFileReference; lastKnownFileType = sourcecode.swift; path = Experimental.swift; sourceTree = "<group>"; };
		OBJ_23 /* RandomizableInput.swift */ = {isa = PBXFileReference; lastKnownFileType = sourcecode.swift; path = RandomizableInput.swift; sourceTree = "<group>"; };
		OBJ_24 /* Package.swift */ = {isa = PBXFileReference; explicitFileType = sourcecode.swift; name = Package.swift; path = "/Users/vkandel/Proj/FastDiff/.build/checkouts/AlgorithmChecker.git-1874536239148651690/Package.swift"; sourceTree = "<group>"; };
		OBJ_6 /* Package.swift */ = {isa = PBXFileReference; explicitFileType = sourcecode.swift; path = Package.swift; sourceTree = "<group>"; };
		OBJ_9 /* Diffable.swift */ = {isa = PBXFileReference; lastKnownFileType = sourcecode.swift; path = Diffable.swift; sourceTree = "<group>"; };
/* End PBXFileReference section */

/* Begin PBXFrameworksBuildPhase section */
		2889D0C322D4D665000E7797 /* Frameworks */ = {
			isa = PBXFrameworksBuildPhase;
			buildActionMask = 2147483647;
			files = (
			);
			runOnlyForDeploymentPostprocessing = 0;
		};
		OBJ_37 /* Frameworks */ = {
			isa = PBXFrameworksBuildPhase;
			buildActionMask = 0;
			files = (
			);
			runOnlyForDeploymentPostprocessing = 0;
		};
		OBJ_52 /* Frameworks */ = {
			isa = PBXFrameworksBuildPhase;
			buildActionMask = 0;
			files = (
			);
			runOnlyForDeploymentPostprocessing = 0;
		};
		OBJ_72 /* Frameworks */ = {
			isa = PBXFrameworksBuildPhase;
			buildActionMask = 0;
			files = (
				OBJ_73 /* AlgoChecker.framework in Frameworks */,
				OBJ_74 /* FastDiffLib.framework in Frameworks */,
			);
			runOnlyForDeploymentPostprocessing = 0;
		};
/* End PBXFrameworksBuildPhase section */

/* Begin PBXGroup section */
		2889D0C722D4D665000E7797 /* FastDiff */ = {
			isa = PBXGroup;
			children = (
				2889D0C822D4D665000E7797 /* FastDiff.h */,
				2889D0C922D4D665000E7797 /* Info.plist */,
			);
			path = FastDiff;
			sourceTree = "<group>";
		};
		OBJ_12 /* Tests */ = {
			isa = PBXGroup;
			children = (
				OBJ_13 /* FastDiffTests */,
			);
			name = Tests;
			sourceTree = SOURCE_ROOT;
		};
		OBJ_13 /* FastDiffTests */ = {
			isa = PBXGroup;
			children = (
				OBJ_14 /* FastDiffComplexityTests.swift */,
				OBJ_15 /* FastDiffTests.swift */,
				OBJ_16 /* XCTestManifests.swift */,
			);
			name = FastDiffTests;
			path = Tests/FastDiffTests;
			sourceTree = SOURCE_ROOT;
		};
		OBJ_18 /* Dependencies */ = {
			isa = PBXGroup;
			children = (
				OBJ_19 /* AlgoChecker 0.1.5 */,
			);
			name = Dependencies;
			sourceTree = "<group>";
		};
		OBJ_19 /* AlgoChecker 0.1.5 */ = {
			isa = PBXGroup;
			children = (
				OBJ_20 /* AlgoChecker */,
				OBJ_24 /* Package.swift */,
			);
			name = "AlgoChecker 0.1.5";
			sourceTree = SOURCE_ROOT;
		};
		OBJ_20 /* AlgoChecker */ = {
			isa = PBXGroup;
			children = (
				OBJ_21 /* AlgoChecker.swift */,
				OBJ_22 /* Experimental.swift */,
				OBJ_23 /* RandomizableInput.swift */,
			);
			name = AlgoChecker;
			path = ".build/checkouts/AlgorithmChecker.git-1874536239148651690/Sources/AlgoChecker";
			sourceTree = SOURCE_ROOT;
		};
		OBJ_25 /* Products */ = {
			isa = PBXGroup;
			children = (
				"AlgoChecker::AlgoChecker::Product" /* AlgoChecker.framework */,
				"FastDiff::FastDiffTests::Product" /* FastDiffTests.xctest */,
				"FastDiff::FastDiffLib::Product" /* FastDiffLib.framework */,
				2889D0C622D4D665000E7797 /* FastDiff.framework */,
			);
			name = Products;
			sourceTree = BUILT_PRODUCTS_DIR;
		};
		OBJ_5 /*  */ = {
			isa = PBXGroup;
			children = (
				OBJ_6 /* Package.swift */,
				OBJ_7 /* Sources */,
				OBJ_12 /* Tests */,
				OBJ_17 /* Documentation */,
				OBJ_18 /* Dependencies */,
				2889D0C722D4D665000E7797 /* FastDiff */,
				OBJ_25 /* Products */,
			);
			name = "";
			sourceTree = "<group>";
		};
		OBJ_7 /* Sources */ = {
			isa = PBXGroup;
			children = (
				OBJ_8 /* FastDiffLib */,
			);
			name = Sources;
			sourceTree = SOURCE_ROOT;
		};
		OBJ_8 /* FastDiffLib */ = {
			isa = PBXGroup;
			children = (
				OBJ_9 /* Diffable.swift */,
				OBJ_10 /* DiffingAlgorithm.swift */,
				OBJ_11 /* InternalDiff.swift */,
			);
			name = FastDiffLib;
			path = Sources/FastDiffLib;
			sourceTree = SOURCE_ROOT;
		};
/* End PBXGroup section */

/* Begin PBXHeadersBuildPhase section */
		2889D0C122D4D665000E7797 /* Headers */ = {
			isa = PBXHeadersBuildPhase;
			buildActionMask = 2147483647;
			files = (
				2889D0CA22D4D665000E7797 /* FastDiff.h in Headers */,
			);
			runOnlyForDeploymentPostprocessing = 0;
		};
/* End PBXHeadersBuildPhase section */

/* Begin PBXNativeTarget section */
		2889D0C522D4D665000E7797 /* FastDiff */ = {
			isa = PBXNativeTarget;
			buildConfigurationList = 2889D0CD22D4D665000E7797 /* Build configuration list for PBXNativeTarget "FastDiff" */;
			buildPhases = (
				2889D0C122D4D665000E7797 /* Headers */,
				2889D0C222D4D665000E7797 /* Sources */,
				2889D0C322D4D665000E7797 /* Frameworks */,
				2889D0C422D4D665000E7797 /* Resources */,
			);
			buildRules = (
			);
			dependencies = (
			);
			name = FastDiff;
			productName = FastDiff;
			productReference = 2889D0C622D4D665000E7797 /* FastDiff.framework */;
			productType = "com.apple.product-type.framework";
		};
		"AlgoChecker::AlgoChecker" /* AlgoChecker */ = {
			isa = PBXNativeTarget;
			buildConfigurationList = OBJ_30 /* Build configuration list for PBXNativeTarget "AlgoChecker" */;
			buildPhases = (
				OBJ_33 /* Sources */,
				OBJ_37 /* Frameworks */,
			);
			buildRules = (
			);
			dependencies = (
			);
			name = AlgoChecker;
			productName = AlgoChecker;
			productReference = "AlgoChecker::AlgoChecker::Product" /* AlgoChecker.framework */;
			productType = "com.apple.product-type.framework";
		};
		"AlgoChecker::SwiftPMPackageDescription" /* AlgoCheckerPackageDescription */ = {
			isa = PBXNativeTarget;
			buildConfigurationList = OBJ_39 /* Build configuration list for PBXNativeTarget "AlgoCheckerPackageDescription" */;
			buildPhases = (
				OBJ_42 /* Sources */,
			);
			buildRules = (
			);
			dependencies = (
			);
			name = AlgoCheckerPackageDescription;
			productName = AlgoCheckerPackageDescription;
			productType = "com.apple.product-type.framework";
		};
		"FastDiff::FastDiffLib" /* FastDiffLib */ = {
			isa = PBXNativeTarget;
			buildConfigurationList = OBJ_45 /* Build configuration list for PBXNativeTarget "FastDiffLib" */;
			buildPhases = (
				OBJ_48 /* Sources */,
				OBJ_52 /* Frameworks */,
			);
			buildRules = (
			);
			dependencies = (
			);
			name = FastDiffLib;
			productName = FastDiffLib;
			productReference = "FastDiff::FastDiffLib::Product" /* FastDiffLib.framework */;
			productType = "com.apple.product-type.framework";
		};
		"FastDiff::FastDiffTests" /* FastDiffTests */ = {
			isa = PBXNativeTarget;
			buildConfigurationList = OBJ_65 /* Build configuration list for PBXNativeTarget "FastDiffTests" */;
			buildPhases = (
				OBJ_68 /* Sources */,
				OBJ_72 /* Frameworks */,
			);
			buildRules = (
			);
			dependencies = (
				OBJ_75 /* PBXTargetDependency */,
				OBJ_76 /* PBXTargetDependency */,
			);
			name = FastDiffTests;
			productName = FastDiffTests;
			productReference = "FastDiff::FastDiffTests::Product" /* FastDiffTests.xctest */;
			productType = "com.apple.product-type.bundle.unit-test";
		};
		"FastDiff::SwiftPMPackageDescription" /* FastDiffPackageDescription */ = {
			isa = PBXNativeTarget;
			buildConfigurationList = OBJ_54 /* Build configuration list for PBXNativeTarget "FastDiffPackageDescription" */;
			buildPhases = (
				OBJ_57 /* Sources */,
			);
			buildRules = (
			);
			dependencies = (
			);
			name = FastDiffPackageDescription;
			productName = FastDiffPackageDescription;
			productType = "com.apple.product-type.framework";
		};
/* End PBXNativeTarget section */

/* Begin PBXProject section */
		OBJ_1 /* Project object */ = {
			isa = PBXProject;
			attributes = {
				LastUpgradeCheck = 9999;
				TargetAttributes = {
					2889D0C522D4D665000E7797 = {
						CreatedOnToolsVersion = 10.1;
						ProvisioningStyle = Automatic;
					};
				};
			};
			buildConfigurationList = OBJ_2 /* Build configuration list for PBXProject "FastDiff" */;
			compatibilityVersion = "Xcode 3.2";
			developmentRegion = English;
			hasScannedForEncodings = 0;
			knownRegions = (
				en,
			);
			mainGroup = OBJ_5 /*  */;
			productRefGroup = OBJ_25 /* Products */;
			projectDirPath = "";
			projectRoot = "";
			targets = (
				"AlgoChecker::AlgoChecker" /* AlgoChecker */,
				"AlgoChecker::SwiftPMPackageDescription" /* AlgoCheckerPackageDescription */,
				"FastDiff::FastDiffLib" /* FastDiffLib */,
				"FastDiff::SwiftPMPackageDescription" /* FastDiffPackageDescription */,
				"FastDiff::FastDiffPackageTests::ProductTarget" /* FastDiffPackageTests */,
				"FastDiff::FastDiffTests" /* FastDiffTests */,
				2889D0C522D4D665000E7797 /* FastDiff */,
			);
		};
/* End PBXProject section */

/* Begin PBXResourcesBuildPhase section */
		2889D0C422D4D665000E7797 /* Resources */ = {
			isa = PBXResourcesBuildPhase;
			buildActionMask = 2147483647;
			files = (
			);
			runOnlyForDeploymentPostprocessing = 0;
		};
/* End PBXResourcesBuildPhase section */

/* Begin PBXSourcesBuildPhase section */
		2889D0C222D4D665000E7797 /* Sources */ = {
			isa = PBXSourcesBuildPhase;
			buildActionMask = 2147483647;
			files = (
				2889D0D022D4D675000E7797 /* InternalDiff.swift in Sources */,
				2889D0CE22D4D675000E7797 /* Diffable.swift in Sources */,
				2889D0CF22D4D675000E7797 /* DiffingAlgorithm.swift in Sources */,
			);
			runOnlyForDeploymentPostprocessing = 0;
		};
		OBJ_33 /* Sources */ = {
			isa = PBXSourcesBuildPhase;
			buildActionMask = 0;
			files = (
				OBJ_34 /* AlgoChecker.swift in Sources */,
				OBJ_35 /* Experimental.swift in Sources */,
				OBJ_36 /* RandomizableInput.swift in Sources */,
			);
			runOnlyForDeploymentPostprocessing = 0;
		};
		OBJ_42 /* Sources */ = {
			isa = PBXSourcesBuildPhase;
			buildActionMask = 0;
			files = (
				OBJ_43 /* Package.swift in Sources */,
			);
			runOnlyForDeploymentPostprocessing = 0;
		};
		OBJ_48 /* Sources */ = {
			isa = PBXSourcesBuildPhase;
			buildActionMask = 0;
			files = (
				OBJ_49 /* Diffable.swift in Sources */,
				OBJ_50 /* DiffingAlgorithm.swift in Sources */,
				OBJ_51 /* InternalDiff.swift in Sources */,
			);
			runOnlyForDeploymentPostprocessing = 0;
		};
		OBJ_57 /* Sources */ = {
			isa = PBXSourcesBuildPhase;
			buildActionMask = 0;
			files = (
				OBJ_58 /* Package.swift in Sources */,
			);
			runOnlyForDeploymentPostprocessing = 0;
		};
		OBJ_68 /* Sources */ = {
			isa = PBXSourcesBuildPhase;
			buildActionMask = 0;
			files = (
				OBJ_69 /* FastDiffComplexityTests.swift in Sources */,
				OBJ_70 /* FastDiffTests.swift in Sources */,
				OBJ_71 /* XCTestManifests.swift in Sources */,
			);
			runOnlyForDeploymentPostprocessing = 0;
		};
/* End PBXSourcesBuildPhase section */

/* Begin PBXTargetDependency section */
		OBJ_63 /* PBXTargetDependency */ = {
			isa = PBXTargetDependency;
			target = "FastDiff::FastDiffTests" /* FastDiffTests */;
			targetProxy = 2889D0C022D4D645000E7797 /* PBXContainerItemProxy */;
		};
		OBJ_75 /* PBXTargetDependency */ = {
			isa = PBXTargetDependency;
			target = "AlgoChecker::AlgoChecker" /* AlgoChecker */;
			targetProxy = 2889D0BE22D4D645000E7797 /* PBXContainerItemProxy */;
		};
		OBJ_76 /* PBXTargetDependency */ = {
			isa = PBXTargetDependency;
			target = "FastDiff::FastDiffLib" /* FastDiffLib */;
			targetProxy = 2889D0BF22D4D645000E7797 /* PBXContainerItemProxy */;
		};
/* End PBXTargetDependency section */

/* Begin XCBuildConfiguration section */
		2889D0CB22D4D665000E7797 /* Debug */ = {
			isa = XCBuildConfiguration;
			buildSettings = {
				ALWAYS_SEARCH_USER_PATHS = NO;
				CLANG_ANALYZER_NONNULL = YES;
				CLANG_ANALYZER_NUMBER_OBJECT_CONVERSION = YES_AGGRESSIVE;
				CLANG_CXX_LANGUAGE_STANDARD = "gnu++14";
				CLANG_CXX_LIBRARY = "libc++";
				CLANG_ENABLE_MODULES = YES;
				CLANG_ENABLE_OBJC_WEAK = YES;
				CLANG_WARN_BLOCK_CAPTURE_AUTORELEASING = YES;
				CLANG_WARN_BOOL_CONVERSION = YES;
				CLANG_WARN_COMMA = YES;
				CLANG_WARN_CONSTANT_CONVERSION = YES;
				CLANG_WARN_DEPRECATED_OBJC_IMPLEMENTATIONS = YES;
				CLANG_WARN_DIRECT_OBJC_ISA_USAGE = YES_ERROR;
				CLANG_WARN_DOCUMENTATION_COMMENTS = YES;
				CLANG_WARN_EMPTY_BODY = YES;
				CLANG_WARN_ENUM_CONVERSION = YES;
				CLANG_WARN_INFINITE_RECURSION = YES;
				CLANG_WARN_INT_CONVERSION = YES;
				CLANG_WARN_NON_LITERAL_NULL_CONVERSION = YES;
				CLANG_WARN_OBJC_IMPLICIT_RETAIN_SELF = YES;
				CLANG_WARN_OBJC_LITERAL_CONVERSION = YES;
				CLANG_WARN_OBJC_ROOT_CLASS = YES_ERROR;
				CLANG_WARN_RANGE_LOOP_ANALYSIS = YES;
				CLANG_WARN_STRICT_PROTOTYPES = YES;
				CLANG_WARN_SUSPICIOUS_MOVE = YES;
				CLANG_WARN_UNGUARDED_AVAILABILITY = YES_AGGRESSIVE;
				CLANG_WARN_UNREACHABLE_CODE = YES;
				CLANG_WARN__DUPLICATE_METHOD_MATCH = YES;
				CODE_SIGN_IDENTITY = "iPhone Developer";
				CODE_SIGN_STYLE = Automatic;
				CURRENT_PROJECT_VERSION = 1;
				DEFINES_MODULE = YES;
				DYLIB_COMPATIBILITY_VERSION = 1;
				DYLIB_CURRENT_VERSION = 1;
				DYLIB_INSTALL_NAME_BASE = "@rpath";
				ENABLE_STRICT_OBJC_MSGSEND = YES;
				ENABLE_TESTABILITY = YES;
				GCC_C_LANGUAGE_STANDARD = gnu11;
				GCC_DYNAMIC_NO_PIC = NO;
				GCC_NO_COMMON_BLOCKS = YES;
				GCC_WARN_64_TO_32_BIT_CONVERSION = YES;
				GCC_WARN_ABOUT_RETURN_TYPE = YES_ERROR;
				GCC_WARN_UNDECLARED_SELECTOR = YES;
				GCC_WARN_UNINITIALIZED_AUTOS = YES_AGGRESSIVE;
				GCC_WARN_UNUSED_FUNCTION = YES;
				GCC_WARN_UNUSED_VARIABLE = YES;
				INFOPLIST_FILE = FastDiff/Info.plist;
				INSTALL_PATH = "$(LOCAL_LIBRARY_DIR)/Frameworks";
				IPHONEOS_DEPLOYMENT_TARGET = 10.0;
				LD_RUNPATH_SEARCH_PATHS = "$(inherited) @executable_path/Frameworks @loader_path/Frameworks";
				MTL_ENABLE_DEBUG_INFO = INCLUDE_SOURCE;
				MTL_FAST_MATH = YES;
				PRODUCT_BUNDLE_IDENTIFIER = com.kandelvijaya.FastDiff;
				PRODUCT_NAME = "$(TARGET_NAME:c99extidentifier)";
				SDKROOT = iphoneos;
				SKIP_INSTALL = YES;
				SWIFT_ACTIVE_COMPILATION_CONDITIONS = DEBUG;
				SWIFT_VERSION = 4.2;
				TARGETED_DEVICE_FAMILY = "1,2";
				VERSIONING_SYSTEM = "apple-generic";
				VERSION_INFO_PREFIX = "";
			};
			name = Debug;
		};
		2889D0CC22D4D665000E7797 /* Release */ = {
			isa = XCBuildConfiguration;
			buildSettings = {
				ALWAYS_SEARCH_USER_PATHS = NO;
				CLANG_ANALYZER_NONNULL = YES;
				CLANG_ANALYZER_NUMBER_OBJECT_CONVERSION = YES_AGGRESSIVE;
				CLANG_CXX_LANGUAGE_STANDARD = "gnu++14";
				CLANG_CXX_LIBRARY = "libc++";
				CLANG_ENABLE_MODULES = YES;
				CLANG_ENABLE_OBJC_WEAK = YES;
				CLANG_WARN_BLOCK_CAPTURE_AUTORELEASING = YES;
				CLANG_WARN_BOOL_CONVERSION = YES;
				CLANG_WARN_COMMA = YES;
				CLANG_WARN_CONSTANT_CONVERSION = YES;
				CLANG_WARN_DEPRECATED_OBJC_IMPLEMENTATIONS = YES;
				CLANG_WARN_DIRECT_OBJC_ISA_USAGE = YES_ERROR;
				CLANG_WARN_DOCUMENTATION_COMMENTS = YES;
				CLANG_WARN_EMPTY_BODY = YES;
				CLANG_WARN_ENUM_CONVERSION = YES;
				CLANG_WARN_INFINITE_RECURSION = YES;
				CLANG_WARN_INT_CONVERSION = YES;
				CLANG_WARN_NON_LITERAL_NULL_CONVERSION = YES;
				CLANG_WARN_OBJC_IMPLICIT_RETAIN_SELF = YES;
				CLANG_WARN_OBJC_LITERAL_CONVERSION = YES;
				CLANG_WARN_OBJC_ROOT_CLASS = YES_ERROR;
				CLANG_WARN_RANGE_LOOP_ANALYSIS = YES;
				CLANG_WARN_STRICT_PROTOTYPES = YES;
				CLANG_WARN_SUSPICIOUS_MOVE = YES;
				CLANG_WARN_UNGUARDED_AVAILABILITY = YES_AGGRESSIVE;
				CLANG_WARN_UNREACHABLE_CODE = YES;
				CLANG_WARN__DUPLICATE_METHOD_MATCH = YES;
				CODE_SIGN_IDENTITY = "iPhone Developer";
				CODE_SIGN_STYLE = Automatic;
				COPY_PHASE_STRIP = NO;
				CURRENT_PROJECT_VERSION = 1;
				DEFINES_MODULE = YES;
				DYLIB_COMPATIBILITY_VERSION = 1;
				DYLIB_CURRENT_VERSION = 1;
				DYLIB_INSTALL_NAME_BASE = "@rpath";
				ENABLE_NS_ASSERTIONS = NO;
				ENABLE_STRICT_OBJC_MSGSEND = YES;
				GCC_C_LANGUAGE_STANDARD = gnu11;
				GCC_NO_COMMON_BLOCKS = YES;
				GCC_WARN_64_TO_32_BIT_CONVERSION = YES;
				GCC_WARN_ABOUT_RETURN_TYPE = YES_ERROR;
				GCC_WARN_UNDECLARED_SELECTOR = YES;
				GCC_WARN_UNINITIALIZED_AUTOS = YES_AGGRESSIVE;
				GCC_WARN_UNUSED_FUNCTION = YES;
				GCC_WARN_UNUSED_VARIABLE = YES;
				INFOPLIST_FILE = FastDiff/Info.plist;
				INSTALL_PATH = "$(LOCAL_LIBRARY_DIR)/Frameworks";
				IPHONEOS_DEPLOYMENT_TARGET = 10.0;
				LD_RUNPATH_SEARCH_PATHS = "$(inherited) @executable_path/Frameworks @loader_path/Frameworks";
				MTL_ENABLE_DEBUG_INFO = NO;
				MTL_FAST_MATH = YES;
				PRODUCT_BUNDLE_IDENTIFIER = com.kandelvijaya.FastDiff;
				PRODUCT_NAME = "$(TARGET_NAME:c99extidentifier)";
				SDKROOT = iphoneos;
				SKIP_INSTALL = YES;
				SWIFT_VERSION = 4.2;
				TARGETED_DEVICE_FAMILY = "1,2";
				VALIDATE_PRODUCT = YES;
				VERSIONING_SYSTEM = "apple-generic";
				VERSION_INFO_PREFIX = "";
			};
			name = Release;
		};
		OBJ_3 /* Debug */ = {
			isa = XCBuildConfiguration;
			buildSettings = {
				CLANG_ENABLE_OBJC_ARC = YES;
				COMBINE_HIDPI_IMAGES = YES;
				COPY_PHASE_STRIP = NO;
				DEBUG_INFORMATION_FORMAT = dwarf;
				DYLIB_INSTALL_NAME_BASE = "@rpath";
				ENABLE_NS_ASSERTIONS = YES;
				GCC_OPTIMIZATION_LEVEL = 0;
				GCC_PREPROCESSOR_DEFINITIONS = (
					"DEBUG=1",
					"$(inherited)",
				);
				IPHONEOS_DEPLOYMENT_TARGET = 10.0;
				MACOSX_DEPLOYMENT_TARGET = 10.10;
				ONLY_ACTIVE_ARCH = YES;
				OTHER_SWIFT_FLAGS = "-DXcode";
				PRODUCT_NAME = "$(TARGET_NAME)";
				SDKROOT = macosx;
				SUPPORTED_PLATFORMS = "macosx iphoneos iphonesimulator appletvos appletvsimulator watchos watchsimulator";
				SWIFT_ACTIVE_COMPILATION_CONDITIONS = "SWIFT_PACKAGE DEBUG";
				SWIFT_OPTIMIZATION_LEVEL = "-Onone";
				USE_HEADERMAP = NO;
			};
			name = Debug;
		};
		OBJ_31 /* Debug */ = {
			isa = XCBuildConfiguration;
			buildSettings = {
				ENABLE_TESTABILITY = YES;
				FRAMEWORK_SEARCH_PATHS = (
					"$(inherited)",
					"$(PLATFORM_DIR)/Developer/Library/Frameworks",
				);
				HEADER_SEARCH_PATHS = "$(inherited)";
				INFOPLIST_FILE = FastDiff.xcodeproj/AlgoChecker_Info.plist;
				LD_RUNPATH_SEARCH_PATHS = "$(inherited) $(TOOLCHAIN_DIR)/usr/lib/swift/macosx";
				OTHER_CFLAGS = "$(inherited)";
				OTHER_LDFLAGS = "$(inherited)";
				OTHER_SWIFT_FLAGS = "$(inherited)";
				PRODUCT_BUNDLE_IDENTIFIER = AlgoChecker;
				PRODUCT_MODULE_NAME = "$(TARGET_NAME:c99extidentifier)";
				PRODUCT_NAME = "$(TARGET_NAME:c99extidentifier)";
				SKIP_INSTALL = YES;
				SWIFT_ACTIVE_COMPILATION_CONDITIONS = "$(inherited)";
				SWIFT_VERSION = 4.2;
				TARGET_NAME = AlgoChecker;
			};
			name = Debug;
		};
		OBJ_32 /* Release */ = {
			isa = XCBuildConfiguration;
			buildSettings = {
				ENABLE_TESTABILITY = YES;
				FRAMEWORK_SEARCH_PATHS = (
					"$(inherited)",
					"$(PLATFORM_DIR)/Developer/Library/Frameworks",
				);
				HEADER_SEARCH_PATHS = "$(inherited)";
				INFOPLIST_FILE = FastDiff.xcodeproj/AlgoChecker_Info.plist;
				LD_RUNPATH_SEARCH_PATHS = "$(inherited) $(TOOLCHAIN_DIR)/usr/lib/swift/macosx";
				OTHER_CFLAGS = "$(inherited)";
				OTHER_LDFLAGS = "$(inherited)";
				OTHER_SWIFT_FLAGS = "$(inherited)";
				PRODUCT_BUNDLE_IDENTIFIER = AlgoChecker;
				PRODUCT_MODULE_NAME = "$(TARGET_NAME:c99extidentifier)";
				PRODUCT_NAME = "$(TARGET_NAME:c99extidentifier)";
				SKIP_INSTALL = YES;
				SWIFT_ACTIVE_COMPILATION_CONDITIONS = "$(inherited)";
				SWIFT_VERSION = 4.2;
				TARGET_NAME = AlgoChecker;
			};
			name = Release;
		};
		OBJ_4 /* Release */ = {
			isa = XCBuildConfiguration;
			buildSettings = {
				CLANG_ENABLE_OBJC_ARC = YES;
				COMBINE_HIDPI_IMAGES = YES;
				COPY_PHASE_STRIP = YES;
				DEBUG_INFORMATION_FORMAT = "dwarf-with-dsym";
				DYLIB_INSTALL_NAME_BASE = "@rpath";
				GCC_OPTIMIZATION_LEVEL = s;
				IPHONEOS_DEPLOYMENT_TARGET = 10.0;
				MACOSX_DEPLOYMENT_TARGET = 10.10;
				OTHER_SWIFT_FLAGS = "-DXcode";
				PRODUCT_NAME = "$(TARGET_NAME)";
				SDKROOT = macosx;
				SUPPORTED_PLATFORMS = "macosx iphoneos iphonesimulator appletvos appletvsimulator watchos watchsimulator";
				SWIFT_ACTIVE_COMPILATION_CONDITIONS = SWIFT_PACKAGE;
				SWIFT_OPTIMIZATION_LEVEL = "-Owholemodule";
				USE_HEADERMAP = NO;
			};
			name = Release;
		};
		OBJ_40 /* Debug */ = {
			isa = XCBuildConfiguration;
			buildSettings = {
				LD = /usr/bin/true;
				OTHER_SWIFT_FLAGS = "-swift-version 4.2 -I $(TOOLCHAIN_DIR)/usr/lib/swift/pm/4_2 -target x86_64-apple-macosx10.10 -sdk /Applications/Xcode.app/Contents/Developer/Platforms/MacOSX.platform/Developer/SDKs/MacOSX10.14.sdk";
				SWIFT_VERSION = 4.2;
			};
			name = Debug;
		};
		OBJ_41 /* Release */ = {
			isa = XCBuildConfiguration;
			buildSettings = {
				LD = /usr/bin/true;
				OTHER_SWIFT_FLAGS = "-swift-version 4.2 -I $(TOOLCHAIN_DIR)/usr/lib/swift/pm/4_2 -target x86_64-apple-macosx10.10 -sdk /Applications/Xcode.app/Contents/Developer/Platforms/MacOSX.platform/Developer/SDKs/MacOSX10.14.sdk";
				SWIFT_VERSION = 4.2;
			};
			name = Release;
		};
		OBJ_46 /* Debug */ = {
			isa = XCBuildConfiguration;
			buildSettings = {
				ENABLE_TESTABILITY = YES;
				FRAMEWORK_SEARCH_PATHS = (
					"$(inherited)",
					"$(PLATFORM_DIR)/Developer/Library/Frameworks",
				);
				HEADER_SEARCH_PATHS = "$(inherited)";
				INFOPLIST_FILE = FastDiff.xcodeproj/FastDiffLib_Info.plist;
				LD_RUNPATH_SEARCH_PATHS = "$(inherited) $(TOOLCHAIN_DIR)/usr/lib/swift/macosx";
				OTHER_CFLAGS = "$(inherited)";
				OTHER_LDFLAGS = "$(inherited)";
				OTHER_SWIFT_FLAGS = "$(inherited)";
				PRODUCT_BUNDLE_IDENTIFIER = FastDiffLib;
				PRODUCT_MODULE_NAME = "$(TARGET_NAME:c99extidentifier)";
				PRODUCT_NAME = "$(TARGET_NAME:c99extidentifier)";
				SKIP_INSTALL = YES;
				SWIFT_ACTIVE_COMPILATION_CONDITIONS = "$(inherited)";
				SWIFT_VERSION = 4.2;
				TARGET_NAME = FastDiffLib;
			};
			name = Debug;
		};
		OBJ_47 /* Release */ = {
			isa = XCBuildConfiguration;
			buildSettings = {
				ENABLE_TESTABILITY = YES;
				FRAMEWORK_SEARCH_PATHS = (
					"$(inherited)",
					"$(PLATFORM_DIR)/Developer/Library/Frameworks",
				);
				HEADER_SEARCH_PATHS = "$(inherited)";
				INFOPLIST_FILE = FastDiff.xcodeproj/FastDiffLib_Info.plist;
				LD_RUNPATH_SEARCH_PATHS = "$(inherited) $(TOOLCHAIN_DIR)/usr/lib/swift/macosx";
				OTHER_CFLAGS = "$(inherited)";
				OTHER_LDFLAGS = "$(inherited)";
				OTHER_SWIFT_FLAGS = "$(inherited)";
				PRODUCT_BUNDLE_IDENTIFIER = FastDiffLib;
				PRODUCT_MODULE_NAME = "$(TARGET_NAME:c99extidentifier)";
				PRODUCT_NAME = "$(TARGET_NAME:c99extidentifier)";
				SKIP_INSTALL = YES;
				SWIFT_ACTIVE_COMPILATION_CONDITIONS = "$(inherited)";
				SWIFT_VERSION = 4.2;
				TARGET_NAME = FastDiffLib;
			};
			name = Release;
		};
		OBJ_55 /* Debug */ = {
			isa = XCBuildConfiguration;
			buildSettings = {
				LD = /usr/bin/true;
				OTHER_SWIFT_FLAGS = "-swift-version 4.2 -I $(TOOLCHAIN_DIR)/usr/lib/swift/pm/4_2 -target x86_64-apple-macosx10.10 -sdk /Applications/Xcode.app/Contents/Developer/Platforms/MacOSX.platform/Developer/SDKs/MacOSX10.14.sdk";
				SWIFT_VERSION = 4.2;
			};
			name = Debug;
		};
		OBJ_56 /* Release */ = {
			isa = XCBuildConfiguration;
			buildSettings = {
				LD = /usr/bin/true;
				OTHER_SWIFT_FLAGS = "-swift-version 4.2 -I $(TOOLCHAIN_DIR)/usr/lib/swift/pm/4_2 -target x86_64-apple-macosx10.10 -sdk /Applications/Xcode.app/Contents/Developer/Platforms/MacOSX.platform/Developer/SDKs/MacOSX10.14.sdk";
				SWIFT_VERSION = 4.2;
			};
			name = Release;
		};
		OBJ_61 /* Debug */ = {
			isa = XCBuildConfiguration;
			buildSettings = {
			};
			name = Debug;
		};
		OBJ_62 /* Release */ = {
			isa = XCBuildConfiguration;
			buildSettings = {
			};
			name = Release;
		};
		OBJ_66 /* Debug */ = {
			isa = XCBuildConfiguration;
			buildSettings = {
				CLANG_ENABLE_MODULES = YES;
				EMBEDDED_CONTENT_CONTAINS_SWIFT = YES;
				FRAMEWORK_SEARCH_PATHS = (
					"$(inherited)",
					"$(PLATFORM_DIR)/Developer/Library/Frameworks",
				);
				HEADER_SEARCH_PATHS = "$(inherited)";
				INFOPLIST_FILE = FastDiff.xcodeproj/FastDiffTests_Info.plist;
				LD_RUNPATH_SEARCH_PATHS = "$(inherited) @loader_path/../Frameworks @loader_path/Frameworks";
				OTHER_CFLAGS = "$(inherited)";
				OTHER_LDFLAGS = "$(inherited)";
				OTHER_SWIFT_FLAGS = "$(inherited)";
				SWIFT_ACTIVE_COMPILATION_CONDITIONS = "$(inherited)";
				SWIFT_VERSION = 4.2;
				TARGET_NAME = FastDiffTests;
			};
			name = Debug;
		};
		OBJ_67 /* Release */ = {
			isa = XCBuildConfiguration;
			buildSettings = {
				CLANG_ENABLE_MODULES = YES;
				EMBEDDED_CONTENT_CONTAINS_SWIFT = YES;
				FRAMEWORK_SEARCH_PATHS = (
					"$(inherited)",
					"$(PLATFORM_DIR)/Developer/Library/Frameworks",
				);
				HEADER_SEARCH_PATHS = "$(inherited)";
				INFOPLIST_FILE = FastDiff.xcodeproj/FastDiffTests_Info.plist;
				LD_RUNPATH_SEARCH_PATHS = "$(inherited) @loader_path/../Frameworks @loader_path/Frameworks";
				OTHER_CFLAGS = "$(inherited)";
				OTHER_LDFLAGS = "$(inherited)";
				OTHER_SWIFT_FLAGS = "$(inherited)";
				SWIFT_ACTIVE_COMPILATION_CONDITIONS = "$(inherited)";
				SWIFT_VERSION = 4.2;
				TARGET_NAME = FastDiffTests;
			};
			name = Release;
		};
/* End XCBuildConfiguration section */

/* Begin XCConfigurationList section */
		2889D0CD22D4D665000E7797 /* Build configuration list for PBXNativeTarget "FastDiff" */ = {
			isa = XCConfigurationList;
			buildConfigurations = (
				2889D0CB22D4D665000E7797 /* Debug */,
				2889D0CC22D4D665000E7797 /* Release */,
			);
			defaultConfigurationIsVisible = 0;
			defaultConfigurationName = Release;
		};
		OBJ_2 /* Build configuration list for PBXProject "FastDiff" */ = {
			isa = XCConfigurationList;
			buildConfigurations = (
				OBJ_3 /* Debug */,
				OBJ_4 /* Release */,
			);
			defaultConfigurationIsVisible = 0;
			defaultConfigurationName = Release;
		};
		OBJ_30 /* Build configuration list for PBXNativeTarget "AlgoChecker" */ = {
			isa = XCConfigurationList;
			buildConfigurations = (
				OBJ_31 /* Debug */,
				OBJ_32 /* Release */,
			);
			defaultConfigurationIsVisible = 0;
			defaultConfigurationName = Release;
		};
		OBJ_39 /* Build configuration list for PBXNativeTarget "AlgoCheckerPackageDescription" */ = {
			isa = XCConfigurationList;
			buildConfigurations = (
				OBJ_40 /* Debug */,
				OBJ_41 /* Release */,
			);
			defaultConfigurationIsVisible = 0;
			defaultConfigurationName = Release;
		};
		OBJ_45 /* Build configuration list for PBXNativeTarget "FastDiffLib" */ = {
			isa = XCConfigurationList;
			buildConfigurations = (
				OBJ_46 /* Debug */,
				OBJ_47 /* Release */,
			);
			defaultConfigurationIsVisible = 0;
			defaultConfigurationName = Release;
		};
		OBJ_54 /* Build configuration list for PBXNativeTarget "FastDiffPackageDescription" */ = {
			isa = XCConfigurationList;
			buildConfigurations = (
				OBJ_55 /* Debug */,
				OBJ_56 /* Release */,
			);
			defaultConfigurationIsVisible = 0;
			defaultConfigurationName = Release;
		};
		OBJ_60 /* Build configuration list for PBXAggregateTarget "FastDiffPackageTests" */ = {
			isa = XCConfigurationList;
			buildConfigurations = (
				OBJ_61 /* Debug */,
				OBJ_62 /* Release */,
			);
			defaultConfigurationIsVisible = 0;
			defaultConfigurationName = Release;
		};
		OBJ_65 /* Build configuration list for PBXNativeTarget "FastDiffTests" */ = {
			isa = XCConfigurationList;
			buildConfigurations = (
				OBJ_66 /* Debug */,
				OBJ_67 /* Release */,
			);
			defaultConfigurationIsVisible = 0;
			defaultConfigurationName = Release;
		};
/* End XCConfigurationList section */
	};
	rootObject = OBJ_1 /* Project object */;
}
